
Microsoft Visual Studio Solution File, Format Version 12.00
# Visual Studio Version 17
VisualStudioVersion = 17.6.33723.286
MinimumVisualStudioVersion = 10.0.40219.1
Project("{FAE04EC0-301F-11D3-BF4B-00C04F79EFBC}") = "ClassicCalculator", "ClassicCalculator.csproj", "{CC0309E3-31BB-4205-BBE7-547E44A541C3}"
EndProject
Global
	GlobalSection(SolutionConfigurationPlatforms) = preSolution
		Debug|Any CPU = Debug|Any CPU
		Release|Any CPU = Release|Any CPU
	EndGlobalSection
	GlobalSection(ProjectConfigurationPlatforms) = postSolution
		{CC0309E3-31BB-4205-BBE7-547E44A541C3}.Debug|Any CPU.ActiveCfg = Debug|Any CPU
		{CC0309E3-31BB-4205-BBE7-547E44A541C3}.Debug|Any CPU.Build.0 = Debug|Any CPU
		{CC0309E3-31BB-4205-BBE7-547E44A541C3}.Release|Any CPU.ActiveCfg = Release|Any CPU
		{CC0309E3-31BB-4205-BBE7-547E44A541C3}.Release|Any CPU.Build.0 = Release|Any CPU
	EndGlobalSection
	GlobalSection(SolutionProperties) = preSolution
		HideSolutionNode = FALSE
	EndGlobalSection
	GlobalSection(ExtensibilityGlobals) = postSolution
		SolutionGuid = {17DF3316-3042-4349-BCB1-08865456B7C3}
	EndGlobalSection
EndGlobal
